
Microsoft Visual Studio Solution File, Format Version 11.00
# Visual Studio 2010
Project("{FAE04EC0-301F-11D3-BF4B-00C04F79EFBC}") = "Colours 2", "Colours 2.csproj", "{973B0B97-51EF-4C2C-809D-48455328C163}"
EndProject
Global
	GlobalSection(SubversionScc) = preSolution
		Svn-Managed = True
		Manager = AnkhSVN - Subversion Support for Visual Studio
	EndGlobalSection
	GlobalSection(SolutionConfigurationPlatforms) = preSolution
		Debug|Any CPU = Debug|Any CPU
		Release|Any CPU = Release|Any CPU
	EndGlobalSection
	GlobalSection(ProjectConfigurationPlatforms) = postSolution
		{973B0B97-51EF-4C2C-809D-48455328C163}.Debug|Any CPU.ActiveCfg = Debug|Any CPU
		{973B0B97-51EF-4C2C-809D-48455328C163}.Debug|Any CPU.Build.0 = Debug|Any CPU
		{973B0B97-51EF-4C2C-809D-48455328C163}.Release|Any CPU.ActiveCfg = Release|Any CPU
		{973B0B97-51EF-4C2C-809D-48455328C163}.Release|Any CPU.Build.0 = Release|Any CPU
	EndGlobalSection
	GlobalSection(SolutionProperties) = preSolution
		HideSolutionNode = FALSE
	EndGlobalSection
EndGlobal
